// !$*UTF8*$!
{
	archiveVersion = 1;
	classes = {
	};
	objectVersion = 56;
	objects = {

/* Begin PBXBuildFile section */
		902EFB5E2CFD4AF300CB15B0 /* SplashScreen.swift in Sources */ = {isa = PBXBuildFile; fileRef = 902EFB5D2CFD4AF300CB15B0 /* SplashScreen.swift */; };
		907F54582CBDBD3B00C6CCB3 /* Supabase in Frameworks */ = {isa = PBXBuildFile; productRef = 907F54572CBDBD3B00C6CCB3 /* Supabase */; };
		9096962A2C992A2D00B4B435 /* zenApp.swift in Sources */ = {isa = PBXBuildFile; fileRef = 909696292C992A2D00B4B435 /* zenApp.swift */; };
		9096962C2C992A2D00B4B435 /* ContentView.swift in Sources */ = {isa = PBXBuildFile; fileRef = 9096962B2C992A2D00B4B435 /* ContentView.swift */; };
		9096962E2C992A2F00B4B435 /* Assets.xcassets in Resources */ = {isa = PBXBuildFile; fileRef = 9096962D2C992A2F00B4B435 /* Assets.xcassets */; };
		909696312C992A2F00B4B435 /* Preview Assets.xcassets in Resources */ = {isa = PBXBuildFile; fileRef = 909696302C992A2F00B4B435 /* Preview Assets.xcassets */; };
		9096963B2C992A3000B4B435 /* zenTests.swift in Sources */ = {isa = PBXBuildFile; fileRef = 9096963A2C992A3000B4B435 /* zenTests.swift */; };
		909696452C992A3000B4B435 /* zenUITests.swift in Sources */ = {isa = PBXBuildFile; fileRef = 909696442C992A3000B4B435 /* zenUITests.swift */; };
		909696472C992A3000B4B435 /* zenUITestsLaunchTests.swift in Sources */ = {isa = PBXBuildFile; fileRef = 909696462C992A3000B4B435 /* zenUITestsLaunchTests.swift */; };
		90C1D36B2CCC28C30036FA96 /* AuthView.swift in Sources */ = {isa = PBXBuildFile; fileRef = 90C1D3662CCC28C30036FA96 /* AuthView.swift */; };
		90C1D36C2CCC28C30036FA96 /* TutorialContent.swift in Sources */ = {isa = PBXBuildFile; fileRef = 90C1D3692CCC28C30036FA96 /* TutorialContent.swift */; };
		90C1D36D2CCC28C30036FA96 /* HomeView.swift in Sources */ = {isa = PBXBuildFile; fileRef = 90C1D3682CCC28C30036FA96 /* HomeView.swift */; };
		90C1D36E2CCC28C30036FA96 /* UserProfileView.swift in Sources */ = {isa = PBXBuildFile; fileRef = 90C1D36A2CCC28C30036FA96 /* UserProfileView.swift */; };
		90C1D36F2CCC28C30036FA96 /* Config.swift in Sources */ = {isa = PBXBuildFile; fileRef = 90C1D3672CCC28C30036FA96 /* Config.swift */; };
		90DC93672CD027E50065731D /* hold.mp3 in Resources */ = {isa = PBXBuildFile; fileRef = 90DC93632CD027E40065731D /* hold.mp3 */; };
		90DC93682CD027E50065731D /* squeeze.mp3 in Resources */ = {isa = PBXBuildFile; fileRef = 90DC93662CD027E40065731D /* squeeze.mp3 */; };
		90DC93692CD027E50065731D /* relax.mp3 in Resources */ = {isa = PBXBuildFile; fileRef = 90DC93652CD027E40065731D /* relax.mp3 */; };
		90DC936A2CD027E50065731D /* inhale.mp3 in Resources */ = {isa = PBXBuildFile; fileRef = 90DC93642CD027E40065731D /* inhale.mp3 */; };
		90DC936B2CD027E50065731D /* exhale.mp3 in Resources */ = {isa = PBXBuildFile; fileRef = 90DC93622CD027E40065731D /* exhale.mp3 */; };
		90DC936E2CD0298B0065731D /* meditative-texture-2.mp3 in Resources */ = {isa = PBXBuildFile; fileRef = 90DC936D2CD0298B0065731D /* meditative-texture-2.mp3 */; };
		90DC936F2CD0298B0065731D /* meditative-texture-1.mp3 in Resources */ = {isa = PBXBuildFile; fileRef = 90DC936C2CD0298B0065731D /* meditative-texture-1.mp3 */; };
		90DC93712CD02F7E0065731D /* AudioHapticManager.swift in Sources */ = {isa = PBXBuildFile; fileRef = 90DC93702CD02F7E0065731D /* AudioHapticManager.swift */; };
		90DC937A2CD076D10065731D /* DailyProgress.swift in Sources */ = {isa = PBXBuildFile; fileRef = 90DC93722CD076D10065731D /* DailyProgress.swift */; };
		90DC937C2CD076D10065731D /* MonthlyProgressCalendarView.swift in Sources */ = {isa = PBXBuildFile; fileRef = 90DC93762CD076D10065731D /* MonthlyProgressCalendarView.swift */; };
		90DC93842CD079610065731D /* ExerciseSettings.swift in Sources */ = {isa = PBXBuildFile; fileRef = 90DC93822CD079610065731D /* ExerciseSettings.swift */; };
		90DC93852CD079610065731D /* SharedModels.swift in Sources */ = {isa = PBXBuildFile; fileRef = 90DC93832CD079610065731D /* SharedModels.swift */; };
		90DC93872CD07A9C0065731D /* ExerciseModels.swift in Sources */ = {isa = PBXBuildFile; fileRef = 90DC93862CD07A9C0065731D /* ExerciseModels.swift */; };
		90DC938A2CD0820F0065731D /* NotificationManager.swift in Sources */ = {isa = PBXBuildFile; fileRef = 90DC93882CD0820F0065731D /* NotificationManager.swift */; };
		90E70A172CBC7A52008D6232 /* meditation3 2.mp3 in Resources */ = {isa = PBXBuildFile; fileRef = 90E70A112CBC7A52008D6232 /* meditation3 2.mp3 */; };
		90E70A192CBC7A52008D6232 /* pop.mp3 in Resources */ = {isa = PBXBuildFile; fileRef = 90E70A142CBC7A52008D6232 /* pop.mp3 */; };
		90E70A1A2CBC7A52008D6232 /* pink-noise-from-the-surface-of-the-river-195101.mp3 in Resources */ = {isa = PBXBuildFile; fileRef = 90E70A122CBC7A52008D6232 /* pink-noise-from-the-surface-of-the-river-195101.mp3 */; };
		90E70A1B2CBC7A52008D6232 /* pink-noise-ocean-waves-on-grainy-sand-195103.mp3 in Resources */ = {isa = PBXBuildFile; fileRef = 90E70A132CBC7A52008D6232 /* pink-noise-ocean-waves-on-grainy-sand-195103.mp3 */; };
		90E70A1C2CBC7A52008D6232 /* meditation1 2.mp3 in Resources */ = {isa = PBXBuildFile; fileRef = 90E70A0F2CBC7A52008D6232 /* meditation1 2.mp3 */; };
		90E70A1D2CBC7A52008D6232 /* singing-bowl-deep-sound-27532.mp3 in Resources */ = {isa = PBXBuildFile; fileRef = 90E70A152CBC7A52008D6232 /* singing-bowl-deep-sound-27532.mp3 */; };
		90E70A1E2CBC7A52008D6232 /* meditation2 2.mp3 in Resources */ = {isa = PBXBuildFile; fileRef = 90E70A102CBC7A52008D6232 /* meditation2 2.mp3 */; };
		90E70A1F2CBC7A52008D6232 /* light-rain-outside-a-greenhouse-194012.mp3 in Resources */ = {isa = PBXBuildFile; fileRef = 90E70A0E2CBC7A52008D6232 /* light-rain-outside-a-greenhouse-194012.mp3 */; };
		90E70A242CBC7D8F008D6232 /* meditation2 3.mp3 in Resources */ = {isa = PBXBuildFile; fileRef = 90E70A212CBC7D8F008D6232 /* meditation2 3.mp3 */; };
		90E70A252CBC7D8F008D6232 /* singing-bowl-deep-sound-27532 3.mp3 in Resources */ = {isa = PBXBuildFile; fileRef = 90E70A232CBC7D8F008D6232 /* singing-bowl-deep-sound-27532 3.mp3 */; };
		90E70A262CBC7D8F008D6232 /* meditation3 3.mp3 in Resources */ = {isa = PBXBuildFile; fileRef = 90E70A222CBC7D8F008D6232 /* meditation3 3.mp3 */; };
		90E70A272CBC7D8F008D6232 /* meditation1 3.mp3 in Resources */ = {isa = PBXBuildFile; fileRef = 90E70A202CBC7D8F008D6232 /* meditation1 3.mp3 */; };
		90E70A292CBC7F09008D6232 /* appinfo.txt in Resources */ = {isa = PBXBuildFile; fileRef = 90E70A282CBC7F09008D6232 /* appinfo.txt */; };
		90E70A2C2CBDAD03008D6232 /* Auth in Frameworks */ = {isa = PBXBuildFile; productRef = 90E70A2B2CBDAD03008D6232 /* Auth */; };
		90E70A2E2CBDAD03008D6232 /* Functions in Frameworks */ = {isa = PBXBuildFile; productRef = 90E70A2D2CBDAD03008D6232 /* Functions */; };
		90E70A302CBDAD03008D6232 /* PostgREST in Frameworks */ = {isa = PBXBuildFile; productRef = 90E70A2F2CBDAD03008D6232 /* PostgREST */; };
		90E70A322CBDAD03008D6232 /* Realtime in Frameworks */ = {isa = PBXBuildFile; productRef = 90E70A312CBDAD03008D6232 /* Realtime */; };
		90E70A342CBDAD03008D6232 /* Storage in Frameworks */ = {isa = PBXBuildFile; productRef = 90E70A332CBDAD03008D6232 /* Storage */; };
/* End PBXBuildFile section */

/* Begin PBXContainerItemProxy section */
		909696372C992A3000B4B435 /* PBXContainerItemProxy */ = {
			isa = PBXContainerItemProxy;
			containerPortal = 9096961E2C992A2D00B4B435 /* Project object */;
			proxyType = 1;
			remoteGlobalIDString = 909696252C992A2D00B4B435;
			remoteInfo = zen;
		};
		909696412C992A3000B4B435 /* PBXContainerItemProxy */ = {
			isa = PBXContainerItemProxy;
			containerPortal = 9096961E2C992A2D00B4B435 /* Project object */;
			proxyType = 1;
			remoteGlobalIDString = 909696252C992A2D00B4B435;
			remoteInfo = zen;
		};
/* End PBXContainerItemProxy section */

/* Begin PBXFileReference section */
		902EFB5D2CFD4AF300CB15B0 /* SplashScreen.swift */ = {isa = PBXFileReference; lastKnownFileType = sourcecode.swift; path = SplashScreen.swift; sourceTree = "<group>"; };
		909696262C992A2D00B4B435 /* zen.app */ = {isa = PBXFileReference; explicitFileType = wrapper.application; includeInIndex = 0; path = zen.app; sourceTree = BUILT_PRODUCTS_DIR; };
		909696292C992A2D00B4B435 /* zenApp.swift */ = {isa = PBXFileReference; lastKnownFileType = sourcecode.swift; path = zenApp.swift; sourceTree = "<group>"; };
		9096962B2C992A2D00B4B435 /* ContentView.swift */ = {isa = PBXFileReference; lastKnownFileType = sourcecode.swift; path = ContentView.swift; sourceTree = "<group>"; };
		9096962D2C992A2F00B4B435 /* Assets.xcassets */ = {isa = PBXFileReference; lastKnownFileType = folder.assetcatalog; path = Assets.xcassets; sourceTree = "<group>"; };
		909696302C992A2F00B4B435 /* Preview Assets.xcassets */ = {isa = PBXFileReference; lastKnownFileType = folder.assetcatalog; path = "Preview Assets.xcassets"; sourceTree = "<group>"; };
		909696362C992A2F00B4B435 /* zenTests.xctest */ = {isa = PBXFileReference; explicitFileType = wrapper.cfbundle; includeInIndex = 0; path = zenTests.xctest; sourceTree = BUILT_PRODUCTS_DIR; };
		9096963A2C992A3000B4B435 /* zenTests.swift */ = {isa = PBXFileReference; lastKnownFileType = sourcecode.swift; path = zenTests.swift; sourceTree = "<group>"; };
		909696402C992A3000B4B435 /* zenUITests.xctest */ = {isa = PBXFileReference; explicitFileType = wrapper.cfbundle; includeInIndex = 0; path = zenUITests.xctest; sourceTree = BUILT_PRODUCTS_DIR; };
		909696442C992A3000B4B435 /* zenUITests.swift */ = {isa = PBXFileReference; lastKnownFileType = sourcecode.swift; path = zenUITests.swift; sourceTree = "<group>"; };
		909696462C992A3000B4B435 /* zenUITestsLaunchTests.swift */ = {isa = PBXFileReference; lastKnownFileType = sourcecode.swift; path = zenUITestsLaunchTests.swift; sourceTree = "<group>"; };
		90C1D3662CCC28C30036FA96 /* AuthView.swift */ = {isa = PBXFileReference; lastKnownFileType = sourcecode.swift; path = AuthView.swift; sourceTree = "<group>"; };
		90C1D3672CCC28C30036FA96 /* Config.swift */ = {isa = PBXFileReference; lastKnownFileType = sourcecode.swift; path = Config.swift; sourceTree = "<group>"; };
		90C1D3682CCC28C30036FA96 /* HomeView.swift */ = {isa = PBXFileReference; lastKnownFileType = sourcecode.swift; path = HomeView.swift; sourceTree = "<group>"; };
		90C1D3692CCC28C30036FA96 /* TutorialContent.swift */ = {isa = PBXFileReference; lastKnownFileType = sourcecode.swift; path = TutorialContent.swift; sourceTree = "<group>"; };
		90C1D36A2CCC28C30036FA96 /* UserProfileView.swift */ = {isa = PBXFileReference; lastKnownFileType = sourcecode.swift; path = UserProfileView.swift; sourceTree = "<group>"; };
		90DC93622CD027E40065731D /* exhale.mp3 */ = {isa = PBXFileReference; lastKnownFileType = audio.mp3; path = exhale.mp3; sourceTree = "<group>"; };
		90DC93632CD027E40065731D /* hold.mp3 */ = {isa = PBXFileReference; lastKnownFileType = audio.mp3; path = hold.mp3; sourceTree = "<group>"; };
		90DC93642CD027E40065731D /* inhale.mp3 */ = {isa = PBXFileReference; lastKnownFileType = audio.mp3; path = inhale.mp3; sourceTree = "<group>"; };
		90DC93652CD027E40065731D /* relax.mp3 */ = {isa = PBXFileReference; lastKnownFileType = audio.mp3; path = relax.mp3; sourceTree = "<group>"; };
		90DC93662CD027E40065731D /* squeeze.mp3 */ = {isa = PBXFileReference; lastKnownFileType = audio.mp3; path = squeeze.mp3; sourceTree = "<group>"; };
		90DC936C2CD0298B0065731D /* meditative-texture-1.mp3 */ = {isa = PBXFileReference; lastKnownFileType = audio.mp3; path = "meditative-texture-1.mp3"; sourceTree = "<group>"; };
		90DC936D2CD0298B0065731D /* meditative-texture-2.mp3 */ = {isa = PBXFileReference; lastKnownFileType = audio.mp3; path = "meditative-texture-2.mp3"; sourceTree = "<group>"; };
		90DC93702CD02F7E0065731D /* AudioHapticManager.swift */ = {isa = PBXFileReference; lastKnownFileType = sourcecode.swift; path = AudioHapticManager.swift; sourceTree = "<group>"; };
		90DC93722CD076D10065731D /* DailyProgress.swift */ = {isa = PBXFileReference; lastKnownFileType = sourcecode.swift; path = DailyProgress.swift; sourceTree = "<group>"; };
		90DC93762CD076D10065731D /* MonthlyProgressCalendarView.swift */ = {isa = PBXFileReference; lastKnownFileType = sourcecode.swift; path = MonthlyProgressCalendarView.swift; sourceTree = "<group>"; };
		90DC93822CD079610065731D /* ExerciseSettings.swift */ = {isa = PBXFileReference; lastKnownFileType = sourcecode.swift; path = ExerciseSettings.swift; sourceTree = "<group>"; };
		90DC93832CD079610065731D /* SharedModels.swift */ = {isa = PBXFileReference; lastKnownFileType = sourcecode.swift; path = SharedModels.swift; sourceTree = "<group>"; };
		90DC93862CD07A9C0065731D /* ExerciseModels.swift */ = {isa = PBXFileReference; lastKnownFileType = sourcecode.swift; path = ExerciseModels.swift; sourceTree = "<group>"; };
		90DC93882CD0820F0065731D /* NotificationManager.swift */ = {isa = PBXFileReference; lastKnownFileType = sourcecode.swift; path = NotificationManager.swift; sourceTree = "<group>"; };
		90E70A0E2CBC7A52008D6232 /* light-rain-outside-a-greenhouse-194012.mp3 */ = {isa = PBXFileReference; lastKnownFileType = audio.mp3; path = "light-rain-outside-a-greenhouse-194012.mp3"; sourceTree = "<group>"; };
		90E70A0F2CBC7A52008D6232 /* meditation1 2.mp3 */ = {isa = PBXFileReference; lastKnownFileType = audio.mp3; path = "meditation1 2.mp3"; sourceTree = "<group>"; };
		90E70A102CBC7A52008D6232 /* meditation2 2.mp3 */ = {isa = PBXFileReference; lastKnownFileType = audio.mp3; path = "meditation2 2.mp3"; sourceTree = "<group>"; };
		90E70A112CBC7A52008D6232 /* meditation3 2.mp3 */ = {isa = PBXFileReference; lastKnownFileType = audio.mp3; path = "meditation3 2.mp3"; sourceTree = "<group>"; };
		90E70A122CBC7A52008D6232 /* pink-noise-from-the-surface-of-the-river-195101.mp3 */ = {isa = PBXFileReference; lastKnownFileType = audio.mp3; path = "pink-noise-from-the-surface-of-the-river-195101.mp3"; sourceTree = "<group>"; };
		90E70A132CBC7A52008D6232 /* pink-noise-ocean-waves-on-grainy-sand-195103.mp3 */ = {isa = PBXFileReference; lastKnownFileType = audio.mp3; path = "pink-noise-ocean-waves-on-grainy-sand-195103.mp3"; sourceTree = "<group>"; };
		90E70A142CBC7A52008D6232 /* pop.mp3 */ = {isa = PBXFileReference; lastKnownFileType = audio.mp3; path = pop.mp3; sourceTree = "<group>"; };
		90E70A152CBC7A52008D6232 /* singing-bowl-deep-sound-27532.mp3 */ = {isa = PBXFileReference; lastKnownFileType = audio.mp3; path = "singing-bowl-deep-sound-27532.mp3"; sourceTree = "<group>"; };
		90E70A202CBC7D8F008D6232 /* meditation1 3.mp3 */ = {isa = PBXFileReference; lastKnownFileType = audio.mp3; path = "meditation1 3.mp3"; sourceTree = "<group>"; };
		90E70A212CBC7D8F008D6232 /* meditation2 3.mp3 */ = {isa = PBXFileReference; lastKnownFileType = audio.mp3; path = "meditation2 3.mp3"; sourceTree = "<group>"; };
		90E70A222CBC7D8F008D6232 /* meditation3 3.mp3 */ = {isa = PBXFileReference; lastKnownFileType = audio.mp3; path = "meditation3 3.mp3"; sourceTree = "<group>"; };
		90E70A232CBC7D8F008D6232 /* singing-bowl-deep-sound-27532 3.mp3 */ = {isa = PBXFileReference; lastKnownFileType = audio.mp3; path = "singing-bowl-deep-sound-27532 3.mp3"; sourceTree = "<group>"; };
		90E70A282CBC7F09008D6232 /* appinfo.txt */ = {isa = PBXFileReference; lastKnownFileType = text; path = appinfo.txt; sourceTree = "<group>"; };
		90F7810C2C9B4ECC00C7148F /* Info.plist */ = {isa = PBXFileReference; lastKnownFileType = text.plist; path = Info.plist; sourceTree = "<group>"; };
/* End PBXFileReference section */

/* Begin PBXFrameworksBuildPhase section */
		909696232C992A2D00B4B435 /* Frameworks */ = {
			isa = PBXFrameworksBuildPhase;
			buildActionMask = 2147483647;
			files = (
				90E70A302CBDAD03008D6232 /* PostgREST in Frameworks */,
				90E70A2E2CBDAD03008D6232 /* Functions in Frameworks */,
				907F54582CBDBD3B00C6CCB3 /* Supabase in Frameworks */,
				90E70A2C2CBDAD03008D6232 /* Auth in Frameworks */,
				90E70A342CBDAD03008D6232 /* Storage in Frameworks */,
				90E70A322CBDAD03008D6232 /* Realtime in Frameworks */,
			);
			runOnlyForDeploymentPostprocessing = 0;
		};
		909696332C992A2F00B4B435 /* Frameworks */ = {
			isa = PBXFrameworksBuildPhase;
			buildActionMask = 2147483647;
			files = (
			);
			runOnlyForDeploymentPostprocessing = 0;
		};
		9096963D2C992A3000B4B435 /* Frameworks */ = {
			isa = PBXFrameworksBuildPhase;
			buildActionMask = 2147483647;
			files = (
			);
			runOnlyForDeploymentPostprocessing = 0;
		};
/* End PBXFrameworksBuildPhase section */

/* Begin PBXGroup section */
		907F54562CBDBD3B00C6CCB3 /* Frameworks */ = {
			isa = PBXGroup;
			children = (
			);
			name = Frameworks;
			sourceTree = "<group>";
		};
		9096961D2C992A2D00B4B435 = {
			isa = PBXGroup;
			children = (
				90E70A282CBC7F09008D6232 /* appinfo.txt */,
				909696282C992A2D00B4B435 /* zen */,
				909696392C992A3000B4B435 /* zenTests */,
				909696432C992A3000B4B435 /* zenUITests */,
				907F54562CBDBD3B00C6CCB3 /* Frameworks */,
				909696272C992A2D00B4B435 /* Products */,
			);
			sourceTree = "<group>";
		};
		909696272C992A2D00B4B435 /* Products */ = {
			isa = PBXGroup;
			children = (
				909696262C992A2D00B4B435 /* zen.app */,
				909696362C992A2F00B4B435 /* zenTests.xctest */,
				909696402C992A3000B4B435 /* zenUITests.xctest */,
			);
			name = Products;
			sourceTree = "<group>";
		};
		909696282C992A2D00B4B435 /* zen */ = {
			isa = PBXGroup;
			children = (
				90DC93892CD0820F0065731D /* Managers */,
				90DC93862CD07A9C0065731D /* ExerciseModels.swift */,
				90DC93752CD076D10065731D /* Models */,
				90DC93792CD076D10065731D /* Views */,
				90C1D3662CCC28C30036FA96 /* AuthView.swift */,
				90C1D3672CCC28C30036FA96 /* Config.swift */,
				90C1D3682CCC28C30036FA96 /* HomeView.swift */,
				90C1D3692CCC28C30036FA96 /* TutorialContent.swift */,
				90C1D36A2CCC28C30036FA96 /* UserProfileView.swift */,
				90F7810D2C9B637600C7148F /* Sound */,
				90F7810C2C9B4ECC00C7148F /* Info.plist */,
				909696292C992A2D00B4B435 /* zenApp.swift */,
				90DC93702CD02F7E0065731D /* AudioHapticManager.swift */,
				9096962B2C992A2D00B4B435 /* ContentView.swift */,
				9096962D2C992A2F00B4B435 /* Assets.xcassets */,
				9096962F2C992A2F00B4B435 /* Preview Content */,
			);
			path = zen;
			sourceTree = "<group>";
		};
		9096962F2C992A2F00B4B435 /* Preview Content */ = {
			isa = PBXGroup;
			children = (
				909696302C992A2F00B4B435 /* Preview Assets.xcassets */,
			);
			path = "Preview Content";
			sourceTree = "<group>";
		};
		909696392C992A3000B4B435 /* zenTests */ = {
			isa = PBXGroup;
			children = (
				9096963A2C992A3000B4B435 /* zenTests.swift */,
			);
			path = zenTests;
			sourceTree = "<group>";
		};
		909696432C992A3000B4B435 /* zenUITests */ = {
			isa = PBXGroup;
			children = (
				909696442C992A3000B4B435 /* zenUITests.swift */,
				909696462C992A3000B4B435 /* zenUITestsLaunchTests.swift */,
			);
			path = zenUITests;
			sourceTree = "<group>";
		};
		90DC93732CD076D10065731D /* Progress */ = {
			isa = PBXGroup;
			children = (
				90DC93722CD076D10065731D /* DailyProgress.swift */,
			);
			path = Progress;
			sourceTree = "<group>";
		};
		90DC93752CD076D10065731D /* Models */ = {
			isa = PBXGroup;
			children = (
				90DC93822CD079610065731D /* ExerciseSettings.swift */,
				90DC93832CD079610065731D /* SharedModels.swift */,
				90DC93732CD076D10065731D /* Progress */,
			);
			path = Models;
			sourceTree = "<group>";
		};
		90DC93772CD076D10065731D /* Progress */ = {
			isa = PBXGroup;
			children = (
				90DC93762CD076D10065731D /* MonthlyProgressCalendarView.swift */,
			);
			path = Progress;
			sourceTree = "<group>";
		};
		90DC93792CD076D10065731D /* Views */ = {
			isa = PBXGroup;
			children = (
				902EFB5D2CFD4AF300CB15B0 /* SplashScreen.swift */,
				90DC93772CD076D10065731D /* Progress */,
			);
			path = Views;
			sourceTree = "<group>";
		};
		90DC93892CD0820F0065731D /* Managers */ = {
			isa = PBXGroup;
			children = (
				90DC93882CD0820F0065731D /* NotificationManager.swift */,
			);
			path = Managers;
			sourceTree = "<group>";
		};
		90F7810D2C9B637600C7148F /* Sound */ = {
			isa = PBXGroup;
			children = (
				90E70A202CBC7D8F008D6232 /* meditation1 3.mp3 */,
				90E70A212CBC7D8F008D6232 /* meditation2 3.mp3 */,
				90E70A222CBC7D8F008D6232 /* meditation3 3.mp3 */,
				90E70A232CBC7D8F008D6232 /* singing-bowl-deep-sound-27532 3.mp3 */,
				90E70A0E2CBC7A52008D6232 /* light-rain-outside-a-greenhouse-194012.mp3 */,
				90E70A0F2CBC7A52008D6232 /* meditation1 2.mp3 */,
				90E70A102CBC7A52008D6232 /* meditation2 2.mp3 */,
				90E70A112CBC7A52008D6232 /* meditation3 2.mp3 */,
				90E70A122CBC7A52008D6232 /* pink-noise-from-the-surface-of-the-river-195101.mp3 */,
				90E70A132CBC7A52008D6232 /* pink-noise-ocean-waves-on-grainy-sand-195103.mp3 */,
				90E70A142CBC7A52008D6232 /* pop.mp3 */,
				90E70A152CBC7A52008D6232 /* singing-bowl-deep-sound-27532.mp3 */,
				90DC93622CD027E40065731D /* exhale.mp3 */,
				90DC93632CD027E40065731D /* hold.mp3 */,
				90DC93642CD027E40065731D /* inhale.mp3 */,
				90DC93652CD027E40065731D /* relax.mp3 */,
				90DC93662CD027E40065731D /* squeeze.mp3 */,
				90DC936C2CD0298B0065731D /* meditative-texture-1.mp3 */,
				90DC936D2CD0298B0065731D /* meditative-texture-2.mp3 */,
			);
			path = Sound;
			sourceTree = "<group>";
		};
/* End PBXGroup section */

/* Begin PBXNativeTarget section */
		909696252C992A2D00B4B435 /* zen */ = {
			isa = PBXNativeTarget;
			buildConfigurationList = 9096964A2C992A3000B4B435 /* Build configuration list for PBXNativeTarget "zen" */;
			buildPhases = (
				909696222C992A2D00B4B435 /* Sources */,
				909696232C992A2D00B4B435 /* Frameworks */,
				909696242C992A2D00B4B435 /* Resources */,
			);
			buildRules = (
			);
			dependencies = (
			);
			name = zen;
			productName = zen;
			productReference = 909696262C992A2D00B4B435 /* zen.app */;
			productType = "com.apple.product-type.application";
		};
		909696352C992A2F00B4B435 /* zenTests */ = {
			isa = PBXNativeTarget;
			buildConfigurationList = 9096964D2C992A3000B4B435 /* Build configuration list for PBXNativeTarget "zenTests" */;
			buildPhases = (
				909696322C992A2F00B4B435 /* Sources */,
				909696332C992A2F00B4B435 /* Frameworks */,
				909696342C992A2F00B4B435 /* Resources */,
			);
			buildRules = (
			);
			dependencies = (
				909696382C992A3000B4B435 /* PBXTargetDependency */,
			);
			name = zenTests;
			productName = zenTests;
			productReference = 909696362C992A2F00B4B435 /* zenTests.xctest */;
			productType = "com.apple.product-type.bundle.unit-test";
		};
		9096963F2C992A3000B4B435 /* zenUITests */ = {
			isa = PBXNativeTarget;
			buildConfigurationList = 909696502C992A3000B4B435 /* Build configuration list for PBXNativeTarget "zenUITests" */;
			buildPhases = (
				9096963C2C992A3000B4B435 /* Sources */,
				9096963D2C992A3000B4B435 /* Frameworks */,
				9096963E2C992A3000B4B435 /* Resources */,
			);
			buildRules = (
			);
			dependencies = (
				909696422C992A3000B4B435 /* PBXTargetDependency */,
			);
			name = zenUITests;
			productName = zenUITests;
			productReference = 909696402C992A3000B4B435 /* zenUITests.xctest */;
			productType = "com.apple.product-type.bundle.ui-testing";
		};
/* End PBXNativeTarget section */

/* Begin PBXProject section */
		9096961E2C992A2D00B4B435 /* Project object */ = {
			isa = PBXProject;
			attributes = {
				BuildIndependentTargetsInParallel = 1;
				KnownAssetTags = (
					New,
				);
				LastSwiftUpdateCheck = 1540;
				LastUpgradeCheck = 1600;
				TargetAttributes = {
					909696252C992A2D00B4B435 = {
						CreatedOnToolsVersion = 15.4;
					};
					909696352C992A2F00B4B435 = {
						CreatedOnToolsVersion = 15.4;
						TestTargetID = 909696252C992A2D00B4B435;
					};
					9096963F2C992A3000B4B435 = {
						CreatedOnToolsVersion = 15.4;
						TestTargetID = 909696252C992A2D00B4B435;
					};
				};
			};
			buildConfigurationList = 909696212C992A2D00B4B435 /* Build configuration list for PBXProject "zen" */;
			compatibilityVersion = "Xcode 14.0";
			developmentRegion = en;
			hasScannedForEncodings = 0;
			knownRegions = (
				en,
				Base,
			);
			mainGroup = 9096961D2C992A2D00B4B435;
			packageReferences = (
				90E70A2A2CBDAD03008D6232 /* XCRemoteSwiftPackageReference "supabase-swift" */,
			);
			productRefGroup = 909696272C992A2D00B4B435 /* Products */;
			projectDirPath = "";
			projectRoot = "";
			targets = (
				909696252C992A2D00B4B435 /* zen */,
				909696352C992A2F00B4B435 /* zenTests */,
				9096963F2C992A3000B4B435 /* zenUITests */,
			);
		};
/* End PBXProject section */

/* Begin PBXResourcesBuildPhase section */
		909696242C992A2D00B4B435 /* Resources */ = {
			isa = PBXResourcesBuildPhase;
			buildActionMask = 2147483647;
			files = (
				909696312C992A2F00B4B435 /* Preview Assets.xcassets in Resources */,
				90E70A172CBC7A52008D6232 /* meditation3 2.mp3 in Resources */,
				90E70A192CBC7A52008D6232 /* pop.mp3 in Resources */,
				90DC93672CD027E50065731D /* hold.mp3 in Resources */,
				90DC93682CD027E50065731D /* squeeze.mp3 in Resources */,
				90DC93692CD027E50065731D /* relax.mp3 in Resources */,
				90DC936A2CD027E50065731D /* inhale.mp3 in Resources */,
				90DC936B2CD027E50065731D /* exhale.mp3 in Resources */,
				90E70A242CBC7D8F008D6232 /* meditation2 3.mp3 in Resources */,
				90E70A252CBC7D8F008D6232 /* singing-bowl-deep-sound-27532 3.mp3 in Resources */,
				90E70A262CBC7D8F008D6232 /* meditation3 3.mp3 in Resources */,
				90E70A292CBC7F09008D6232 /* appinfo.txt in Resources */,
				90E70A272CBC7D8F008D6232 /* meditation1 3.mp3 in Resources */,
				90E70A1A2CBC7A52008D6232 /* pink-noise-from-the-surface-of-the-river-195101.mp3 in Resources */,
				90E70A1B2CBC7A52008D6232 /* pink-noise-ocean-waves-on-grainy-sand-195103.mp3 in Resources */,
				90E70A1C2CBC7A52008D6232 /* meditation1 2.mp3 in Resources */,
				90E70A1D2CBC7A52008D6232 /* singing-bowl-deep-sound-27532.mp3 in Resources */,
				90E70A1E2CBC7A52008D6232 /* meditation2 2.mp3 in Resources */,
				90DC936E2CD0298B0065731D /* meditative-texture-2.mp3 in Resources */,
				90DC936F2CD0298B0065731D /* meditative-texture-1.mp3 in Resources */,
				90E70A1F2CBC7A52008D6232 /* light-rain-outside-a-greenhouse-194012.mp3 in Resources */,
				9096962E2C992A2F00B4B435 /* Assets.xcassets in Resources */,
			);
			runOnlyForDeploymentPostprocessing = 0;
		};
		909696342C992A2F00B4B435 /* Resources */ = {
			isa = PBXResourcesBuildPhase;
			buildActionMask = 2147483647;
			files = (
			);
			runOnlyForDeploymentPostprocessing = 0;
		};
		9096963E2C992A3000B4B435 /* Resources */ = {
			isa = PBXResourcesBuildPhase;
			buildActionMask = 2147483647;
			files = (
			);
			runOnlyForDeploymentPostprocessing = 0;
		};
/* End PBXResourcesBuildPhase section */

/* Begin PBXSourcesBuildPhase section */
		909696222C992A2D00B4B435 /* Sources */ = {
			isa = PBXSourcesBuildPhase;
			buildActionMask = 2147483647;
			files = (
				902EFB5E2CFD4AF300CB15B0 /* SplashScreen.swift in Sources */,
				90DC93712CD02F7E0065731D /* AudioHapticManager.swift in Sources */,
				9096962C2C992A2D00B4B435 /* ContentView.swift in Sources */,
				90C1D36B2CCC28C30036FA96 /* AuthView.swift in Sources */,
				90C1D36C2CCC28C30036FA96 /* TutorialContent.swift in Sources */,
				90DC938A2CD0820F0065731D /* NotificationManager.swift in Sources */,
				90C1D36D2CCC28C30036FA96 /* HomeView.swift in Sources */,
				90DC937A2CD076D10065731D /* DailyProgress.swift in Sources */,
				90DC93872CD07A9C0065731D /* ExerciseModels.swift in Sources */,
				90DC93842CD079610065731D /* ExerciseSettings.swift in Sources */,
				90DC93852CD079610065731D /* SharedModels.swift in Sources */,
				90DC937C2CD076D10065731D /* MonthlyProgressCalendarView.swift in Sources */,
				90C1D36E2CCC28C30036FA96 /* UserProfileView.swift in Sources */,
				90C1D36F2CCC28C30036FA96 /* Config.swift in Sources */,
				9096962A2C992A2D00B4B435 /* zenApp.swift in Sources */,
			);
			runOnlyForDeploymentPostprocessing = 0;
		};
		909696322C992A2F00B4B435 /* Sources */ = {
			isa = PBXSourcesBuildPhase;
			buildActionMask = 2147483647;
			files = (
				9096963B2C992A3000B4B435 /* zenTests.swift in Sources */,
			);
			runOnlyForDeploymentPostprocessing = 0;
		};
		9096963C2C992A3000B4B435 /* Sources */ = {
			isa = PBXSourcesBuildPhase;
			buildActionMask = 2147483647;
			files = (
				909696472C992A3000B4B435 /* zenUITestsLaunchTests.swift in Sources */,
				909696452C992A3000B4B435 /* zenUITests.swift in Sources */,
			);
			runOnlyForDeploymentPostprocessing = 0;
		};
/* End PBXSourcesBuildPhase section */

/* Begin PBXTargetDependency section */
		909696382C992A3000B4B435 /* PBXTargetDependency */ = {
			isa = PBXTargetDependency;
			target = 909696252C992A2D00B4B435 /* zen */;
			targetProxy = 909696372C992A3000B4B435 /* PBXContainerItemProxy */;
		};
		909696422C992A3000B4B435 /* PBXTargetDependency */ = {
			isa = PBXTargetDependency;
			target = 909696252C992A2D00B4B435 /* zen */;
			targetProxy = 909696412C992A3000B4B435 /* PBXContainerItemProxy */;
		};
/* End PBXTargetDependency section */

/* Begin XCBuildConfiguration section */
		909696482C992A3000B4B435 /* Debug */ = {
			isa = XCBuildConfiguration;
			buildSettings = {
				ALWAYS_SEARCH_USER_PATHS = NO;
				ASSETCATALOG_COMPILER_GENERATE_SWIFT_ASSET_SYMBOL_EXTENSIONS = YES;
				CLANG_ANALYZER_NONNULL = YES;
				CLANG_ANALYZER_NUMBER_OBJECT_CONVERSION = YES_AGGRESSIVE;
				CLANG_CXX_LANGUAGE_STANDARD = "gnu++20";
				CLANG_ENABLE_MODULES = YES;
				CLANG_ENABLE_OBJC_ARC = YES;
				CLANG_ENABLE_OBJC_WEAK = YES;
				CLANG_WARN_BLOCK_CAPTURE_AUTORELEASING = YES;
				CLANG_WARN_BOOL_CONVERSION = YES;
				CLANG_WARN_COMMA = YES;
				CLANG_WARN_CONSTANT_CONVERSION = YES;
				CLANG_WARN_DEPRECATED_OBJC_IMPLEMENTATIONS = YES;
				CLANG_WARN_DIRECT_OBJC_ISA_USAGE = YES_ERROR;
				CLANG_WARN_DOCUMENTATION_COMMENTS = YES;
				CLANG_WARN_EMPTY_BODY = YES;
				CLANG_WARN_ENUM_CONVERSION = YES;
				CLANG_WARN_INFINITE_RECURSION = YES;
				CLANG_WARN_INT_CONVERSION = YES;
				CLANG_WARN_NON_LITERAL_NULL_CONVERSION = YES;
				CLANG_WARN_OBJC_IMPLICIT_RETAIN_SELF = YES;
				CLANG_WARN_OBJC_LITERAL_CONVERSION = YES;
				CLANG_WARN_OBJC_ROOT_CLASS = YES_ERROR;
				CLANG_WARN_QUOTED_INCLUDE_IN_FRAMEWORK_HEADER = YES;
				CLANG_WARN_RANGE_LOOP_ANALYSIS = YES;
				CLANG_WARN_STRICT_PROTOTYPES = YES;
				CLANG_WARN_SUSPICIOUS_MOVE = YES;
				CLANG_WARN_UNGUARDED_AVAILABILITY = YES_AGGRESSIVE;
				CLANG_WARN_UNREACHABLE_CODE = YES;
				CLANG_WARN__DUPLICATE_METHOD_MATCH = YES;
				COPY_PHASE_STRIP = NO;
				DEBUG_INFORMATION_FORMAT = dwarf;
				ENABLE_STRICT_OBJC_MSGSEND = YES;
				ENABLE_TESTABILITY = YES;
				ENABLE_USER_SCRIPT_SANDBOXING = YES;
				GCC_C_LANGUAGE_STANDARD = gnu17;
				GCC_DYNAMIC_NO_PIC = NO;
				GCC_NO_COMMON_BLOCKS = YES;
				GCC_OPTIMIZATION_LEVEL = 0;
				GCC_PREPROCESSOR_DEFINITIONS = (
					"DEBUG=1",
					"$(inherited)",
				);
				GCC_WARN_64_TO_32_BIT_CONVERSION = YES;
				GCC_WARN_ABOUT_RETURN_TYPE = YES_ERROR;
				GCC_WARN_UNDECLARED_SELECTOR = YES;
				GCC_WARN_UNINITIALIZED_AUTOS = YES_AGGRESSIVE;
				GCC_WARN_UNUSED_FUNCTION = YES;
				GCC_WARN_UNUSED_VARIABLE = YES;
				IPHONEOS_DEPLOYMENT_TARGET = 17.5;
				LOCALIZATION_PREFERS_STRING_CATALOGS = YES;
				MTL_ENABLE_DEBUG_INFO = INCLUDE_SOURCE;
				MTL_FAST_MATH = YES;
				ONLY_ACTIVE_ARCH = YES;
				SDKROOT = iphoneos;
				SWIFT_ACTIVE_COMPILATION_CONDITIONS = "DEBUG $(inherited)";
				SWIFT_OPTIMIZATION_LEVEL = "-Onone";
			};
			name = Debug;
		};
		909696492C992A3000B4B435 /* Release */ = {
			isa = XCBuildConfiguration;
			buildSettings = {
				ALWAYS_SEARCH_USER_PATHS = NO;
				ASSETCATALOG_COMPILER_GENERATE_SWIFT_ASSET_SYMBOL_EXTENSIONS = YES;
				CLANG_ANALYZER_NONNULL = YES;
				CLANG_ANALYZER_NUMBER_OBJECT_CONVERSION = YES_AGGRESSIVE;
				CLANG_CXX_LANGUAGE_STANDARD = "gnu++20";
				CLANG_ENABLE_MODULES = YES;
				CLANG_ENABLE_OBJC_ARC = YES;
				CLANG_ENABLE_OBJC_WEAK = YES;
				CLANG_WARN_BLOCK_CAPTURE_AUTORELEASING = YES;
				CLANG_WARN_BOOL_CONVERSION = YES;
				CLANG_WARN_COMMA = YES;
				CLANG_WARN_CONSTANT_CONVERSION = YES;
				CLANG_WARN_DEPRECATED_OBJC_IMPLEMENTATIONS = YES;
				CLANG_WARN_DIRECT_OBJC_ISA_USAGE = YES_ERROR;
				CLANG_WARN_DOCUMENTATION_COMMENTS = YES;
				CLANG_WARN_EMPTY_BODY = YES;
				CLANG_WARN_ENUM_CONVERSION = YES;
				CLANG_WARN_INFINITE_RECURSION = YES;
				CLANG_WARN_INT_CONVERSION = YES;
				CLANG_WARN_NON_LITERAL_NULL_CONVERSION = YES;
				CLANG_WARN_OBJC_IMPLICIT_RETAIN_SELF = YES;
				CLANG_WARN_OBJC_LITERAL_CONVERSION = YES;
				CLANG_WARN_OBJC_ROOT_CLASS = YES_ERROR;
				CLANG_WARN_QUOTED_INCLUDE_IN_FRAMEWORK_HEADER = YES;
				CLANG_WARN_RANGE_LOOP_ANALYSIS = YES;
				CLANG_WARN_STRICT_PROTOTYPES = YES;
				CLANG_WARN_SUSPICIOUS_MOVE = YES;
				CLANG_WARN_UNGUARDED_AVAILABILITY = YES_AGGRESSIVE;
				CLANG_WARN_UNREACHABLE_CODE = YES;
				CLANG_WARN__DUPLICATE_METHOD_MATCH = YES;
				COPY_PHASE_STRIP = NO;
				DEBUG_INFORMATION_FORMAT = "dwarf-with-dsym";
				ENABLE_NS_ASSERTIONS = NO;
				ENABLE_STRICT_OBJC_MSGSEND = YES;
				ENABLE_USER_SCRIPT_SANDBOXING = YES;
				GCC_C_LANGUAGE_STANDARD = gnu17;
				GCC_NO_COMMON_BLOCKS = YES;
				GCC_WARN_64_TO_32_BIT_CONVERSION = YES;
				GCC_WARN_ABOUT_RETURN_TYPE = YES_ERROR;
				GCC_WARN_UNDECLARED_SELECTOR = YES;
				GCC_WARN_UNINITIALIZED_AUTOS = YES_AGGRESSIVE;
				GCC_WARN_UNUSED_FUNCTION = YES;
				GCC_WARN_UNUSED_VARIABLE = YES;
				IPHONEOS_DEPLOYMENT_TARGET = 17.5;
				LOCALIZATION_PREFERS_STRING_CATALOGS = YES;
				MTL_ENABLE_DEBUG_INFO = NO;
				MTL_FAST_MATH = YES;
				SDKROOT = iphoneos;
				SWIFT_COMPILATION_MODE = wholemodule;
				VALIDATE_PRODUCT = YES;
			};
			name = Release;
		};
		9096964B2C992A3000B4B435 /* Debug */ = {
			isa = XCBuildConfiguration;
			buildSettings = {
				ASSETCATALOG_COMPILER_APPICON_NAME = AppIcon;
				ASSETCATALOG_COMPILER_GLOBAL_ACCENT_COLOR_NAME = AccentColor;
				CODE_SIGN_STYLE = Automatic;
				CURRENT_PROJECT_VERSION = 1;
				DEVELOPMENT_ASSET_PATHS = "\"zen/Preview Content\"";
				DEVELOPMENT_TEAM = 2XFHKU9YVK;
				ENABLE_PREVIEWS = YES;
				GENERATE_INFOPLIST_FILE = YES;
				INFOPLIST_FILE = zen/Info.plist;
				INFOPLIST_KEY_UIApplicationSceneManifest_Generation = YES;
				INFOPLIST_KEY_UIApplicationSupportsIndirectInputEvents = YES;
				INFOPLIST_KEY_UILaunchScreen_Generation = YES;
				INFOPLIST_KEY_UISupportedInterfaceOrientations_iPad = "UIInterfaceOrientationPortrait UIInterfaceOrientationPortraitUpsideDown UIInterfaceOrientationLandscapeLeft UIInterfaceOrientationLandscapeRight";
				INFOPLIST_KEY_UISupportedInterfaceOrientations_iPhone = "UIInterfaceOrientationPortrait UIInterfaceOrientationLandscapeLeft UIInterfaceOrientationLandscapeRight";
				LD_RUNPATH_SEARCH_PATHS = (
					"$(inherited)",
					"@executable_path/Frameworks",
				);
				MARKETING_VERSION = 1.0;
				PRODUCT_BUNDLE_IDENTIFIER = tepzu.zen;
				PRODUCT_NAME = "$(TARGET_NAME)";
				SWIFT_EMIT_LOC_STRINGS = YES;
				SWIFT_VERSION = 5.0;
				TARGETED_DEVICE_FAMILY = "1,2";
			};
			name = Debug;
		};
		9096964C2C992A3000B4B435 /* Release */ = {
			isa = XCBuildConfiguration;
			buildSettings = {
				ASSETCATALOG_COMPILER_APPICON_NAME = AppIcon;
				ASSETCATALOG_COMPILER_GLOBAL_ACCENT_COLOR_NAME = AccentColor;
				CODE_SIGN_STYLE = Automatic;
				CURRENT_PROJECT_VERSION = 1;
				DEVELOPMENT_ASSET_PATHS = "\"zen/Preview Content\"";
				DEVELOPMENT_TEAM = 2XFHKU9YVK;
				ENABLE_PREVIEWS = YES;
				GENERATE_INFOPLIST_FILE = YES;
				INFOPLIST_FILE = zen/Info.plist;
				INFOPLIST_KEY_UIApplicationSceneManifest_Generation = YES;
				INFOPLIST_KEY_UIApplicationSupportsIndirectInputEvents = YES;
				INFOPLIST_KEY_UILaunchScreen_Generation = YES;
				INFOPLIST_KEY_UISupportedInterfaceOrientations_iPad = "UIInterfaceOrientationPortrait UIInterfaceOrientationPortraitUpsideDown UIInterfaceOrientationLandscapeLeft UIInterfaceOrientationLandscapeRight";
				INFOPLIST_KEY_UISupportedInterfaceOrientations_iPhone = "UIInterfaceOrientationPortrait UIInterfaceOrientationLandscapeLeft UIInterfaceOrientationLandscapeRight";
				LD_RUNPATH_SEARCH_PATHS = (
					"$(inherited)",
					"@executable_path/Frameworks",
				);
				MARKETING_VERSION = 1.0;
				PRODUCT_BUNDLE_IDENTIFIER = tepzu.zen;
				PRODUCT_NAME = "$(TARGET_NAME)";
				SWIFT_EMIT_LOC_STRINGS = YES;
				SWIFT_VERSION = 5.0;
				TARGETED_DEVICE_FAMILY = "1,2";
			};
			name = Release;
		};
		9096964E2C992A3000B4B435 /* Debug */ = {
			isa = XCBuildConfiguration;
			buildSettings = {
				BUNDLE_LOADER = "$(TEST_HOST)";
				CODE_SIGN_STYLE = Automatic;
				CURRENT_PROJECT_VERSION = 1;
				DEVELOPMENT_TEAM = 2XFHKU9YVK;
				GENERATE_INFOPLIST_FILE = YES;
				IPHONEOS_DEPLOYMENT_TARGET = 17.5;
				MARKETING_VERSION = 1.0;
				PRODUCT_BUNDLE_IDENTIFIER = tepzu.zenTests;
				PRODUCT_NAME = "$(TARGET_NAME)";
				SWIFT_EMIT_LOC_STRINGS = NO;
				SWIFT_VERSION = 5.0;
				TARGETED_DEVICE_FAMILY = "1,2";
				TEST_HOST = "$(BUILT_PRODUCTS_DIR)/zen.app/$(BUNDLE_EXECUTABLE_FOLDER_PATH)/zen";
			};
			name = Debug;
		};
		9096964F2C992A3000B4B435 /* Release */ = {
			isa = XCBuildConfiguration;
			buildSettings = {
				BUNDLE_LOADER = "$(TEST_HOST)";
				CODE_SIGN_STYLE = Automatic;
				CURRENT_PROJECT_VERSION = 1;
				DEVELOPMENT_TEAM = 2XFHKU9YVK;
				GENERATE_INFOPLIST_FILE = YES;
				IPHONEOS_DEPLOYMENT_TARGET = 17.5;
				MARKETING_VERSION = 1.0;
				PRODUCT_BUNDLE_IDENTIFIER = tepzu.zenTests;
				PRODUCT_NAME = "$(TARGET_NAME)";
				SWIFT_EMIT_LOC_STRINGS = NO;
				SWIFT_VERSION = 5.0;
				TARGETED_DEVICE_FAMILY = "1,2";
				TEST_HOST = "$(BUILT_PRODUCTS_DIR)/zen.app/$(BUNDLE_EXECUTABLE_FOLDER_PATH)/zen";
			};
			name = Release;
		};
		909696512C992A3000B4B435 /* Debug */ = {
			isa = XCBuildConfiguration;
			buildSettings = {
				CODE_SIGN_STYLE = Automatic;
				CURRENT_PROJECT_VERSION = 1;
				DEVELOPMENT_TEAM = 2XFHKU9YVK;
				GENERATE_INFOPLIST_FILE = YES;
				MARKETING_VERSION = 1.0;
				PRODUCT_BUNDLE_IDENTIFIER = tepzu.zenUITests;
				PRODUCT_NAME = "$(TARGET_NAME)";
				SWIFT_EMIT_LOC_STRINGS = NO;
				SWIFT_VERSION = 5.0;
				TARGETED_DEVICE_FAMILY = "1,2";
				TEST_TARGET_NAME = zen;
			};
			name = Debug;
		};
		909696522C992A3000B4B435 /* Release */ = {
			isa = XCBuildConfiguration;
			buildSettings = {
				CODE_SIGN_STYLE = Automatic;
				CURRENT_PROJECT_VERSION = 1;
				DEVELOPMENT_TEAM = 2XFHKU9YVK;
				GENERATE_INFOPLIST_FILE = YES;
				MARKETING_VERSION = 1.0;
				PRODUCT_BUNDLE_IDENTIFIER = tepzu.zenUITests;
				PRODUCT_NAME = "$(TARGET_NAME)";
				SWIFT_EMIT_LOC_STRINGS = NO;
				SWIFT_VERSION = 5.0;
				TARGETED_DEVICE_FAMILY = "1,2";
				TEST_TARGET_NAME = zen;
			};
			name = Release;
		};
/* End XCBuildConfiguration section */

/* Begin XCConfigurationList section */
		909696212C992A2D00B4B435 /* Build configuration list for PBXProject "zen" */ = {
			isa = XCConfigurationList;
			buildConfigurations = (
				909696482C992A3000B4B435 /* Debug */,
				909696492C992A3000B4B435 /* Release */,
			);
			defaultConfigurationIsVisible = 0;
			defaultConfigurationName = Release;
		};
		9096964A2C992A3000B4B435 /* Build configuration list for PBXNativeTarget "zen" */ = {
			isa = XCConfigurationList;
			buildConfigurations = (
				9096964B2C992A3000B4B435 /* Debug */,
				9096964C2C992A3000B4B435 /* Release */,
			);
			defaultConfigurationIsVisible = 0;
			defaultConfigurationName = Release;
		};
		9096964D2C992A3000B4B435 /* Build configuration list for PBXNativeTarget "zenTests" */ = {
			isa = XCConfigurationList;
			buildConfigurations = (
				9096964E2C992A3000B4B435 /* Debug */,
				9096964F2C992A3000B4B435 /* Release */,
			);
			defaultConfigurationIsVisible = 0;
			defaultConfigurationName = Release;
		};
		909696502C992A3000B4B435 /* Build configuration list for PBXNativeTarget "zenUITests" */ = {
			isa = XCConfigurationList;
			buildConfigurations = (
				909696512C992A3000B4B435 /* Debug */,
				909696522C992A3000B4B435 /* Release */,
			);
			defaultConfigurationIsVisible = 0;
			defaultConfigurationName = Release;
		};
/* End XCConfigurationList section */

/* Begin XCRemoteSwiftPackageReference section */
		90E70A2A2CBDAD03008D6232 /* XCRemoteSwiftPackageReference "supabase-swift" */ = {
			isa = XCRemoteSwiftPackageReference;
			repositoryURL = "https://github.com/supabase-community/supabase-swift.git";
			requirement = {
				kind = upToNextMajorVersion;
				minimumVersion = 2.5.1;
			};
		};
/* End XCRemoteSwiftPackageReference section */

/* Begin XCSwiftPackageProductDependency section */
		907F54572CBDBD3B00C6CCB3 /* Supabase */ = {
			isa = XCSwiftPackageProductDependency;
			package = 90E70A2A2CBDAD03008D6232 /* XCRemoteSwiftPackageReference "supabase-swift" */;
			productName = Supabase;
		};
		90E70A2B2CBDAD03008D6232 /* Auth */ = {
			isa = XCSwiftPackageProductDependency;
			package = 90E70A2A2CBDAD03008D6232 /* XCRemoteSwiftPackageReference "supabase-swift" */;
			productName = Auth;
		};
		90E70A2D2CBDAD03008D6232 /* Functions */ = {
			isa = XCSwiftPackageProductDependency;
			package = 90E70A2A2CBDAD03008D6232 /* XCRemoteSwiftPackageReference "supabase-swift" */;
			productName = Functions;
		};
		90E70A2F2CBDAD03008D6232 /* PostgREST */ = {
			isa = XCSwiftPackageProductDependency;
			package = 90E70A2A2CBDAD03008D6232 /* XCRemoteSwiftPackageReference "supabase-swift" */;
			productName = PostgREST;
		};
		90E70A312CBDAD03008D6232 /* Realtime */ = {
			isa = XCSwiftPackageProductDependency;
			package = 90E70A2A2CBDAD03008D6232 /* XCRemoteSwiftPackageReference "supabase-swift" */;
			productName = Realtime;
		};
		90E70A332CBDAD03008D6232 /* Storage */ = {
			isa = XCSwiftPackageProductDependency;
			package = 90E70A2A2CBDAD03008D6232 /* XCRemoteSwiftPackageReference "supabase-swift" */;
			productName = Storage;
		};
/* End XCSwiftPackageProductDependency section */
	};
	rootObject = 9096961E2C992A2D00B4B435 /* Project object */;
}
